
Microsoft Visual Studio Solution File, Format Version 12.00
# Visual Studio Version 17
VisualStudioVersion = 17.2.32616.157
MinimumVisualStudioVersion = 10.0.40219.1
Project("{FAE04EC0-301F-11D3-BF4B-00C04F79EFBC}") = "AfroNFTs", "AfroNFTs\AfroNFTs.csproj", "{950E6514-0503-4F71-972C-FBFEB81EE2F1}"
EndProject
Global
	GlobalSection(SolutionConfigurationPlatforms) = preSolution
		Debug|Any CPU = Debug|Any CPU
		Release|Any CPU = Release|Any CPU
	EndGlobalSection
	GlobalSection(ProjectConfigurationPlatforms) = postSolution
		{950E6514-0503-4F71-972C-FBFEB81EE2F1}.Debug|Any CPU.ActiveCfg = Debug|Any CPU
		{950E6514-0503-4F71-972C-FBFEB81EE2F1}.Debug|Any CPU.Build.0 = Debug|Any CPU
		{950E6514-0503-4F71-972C-FBFEB81EE2F1}.Release|Any CPU.ActiveCfg = Release|Any CPU
		{950E6514-0503-4F71-972C-FBFEB81EE2F1}.Release|Any CPU.Build.0 = Release|Any CPU
	EndGlobalSection
	GlobalSection(SolutionProperties) = preSolution
		HideSolutionNode = FALSE
	EndGlobalSection
	GlobalSection(ExtensibilityGlobals) = postSolution
		SolutionGuid = {277FC8B7-DC92-4EDA-A1AB-45F2688CECFB}
	EndGlobalSection
EndGlobal
